{
  "pins" : [
    {
      "identity" : "snapkit",
      "kind" : "remoteSourceControl",
      "location" : "https://github.com/SnapKit/SnapKit.git",
      "state" : {
        "revision" : "f222cbdf325885926566172f6f5f06af95473158",
        "version" : "5.6.0"
      }
    },
    {
      "identity" : "swiftymenu",
      "kind" : "remoteSourceControl",
      "location" : "https://github.com/KarimEbrahemAbdelaziz/SwiftyMenu",
      "state" : {
        "branch" : "master",
        "revision" : "fe77ef6c6cf93809f5c1bc680c807cb664e571d0"
      }
    }
  ],
  "version" : 2
}
